
Microsoft Visual Studio Solution File, Format Version 12.00
# Visual Studio Version 17
VisualStudioVersion = 17.7.34031.279
MinimumVisualStudioVersion = 10.0.40219.1
Project("{FAE04EC0-301F-11D3-BF4B-00C04F79EFBC}") = "RocketStoreFront.UI.MVC", "RocketStoreFront.UI.MVC\RocketStoreFront.UI.MVC.csproj", "{CF8DB889-C74C-45CF-B38F-FB59DA700A81}"
EndProject
Project("{FAE04EC0-301F-11D3-BF4B-00C04F79EFBC}") = "RocketStoreFront.DATA.EF", "RocketStoreFront.DATA.EF\RocketStoreFront.DATA.EF.csproj", "{8E9E32B3-6486-4B93-939E-8856BA1754DF}"
EndProject
Global
	GlobalSection(SolutionConfigurationPlatforms) = preSolution
		Debug|Any CPU = Debug|Any CPU
		Release|Any CPU = Release|Any CPU
	EndGlobalSection
	GlobalSection(ProjectConfigurationPlatforms) = postSolution
		{CF8DB889-C74C-45CF-B38F-FB59DA700A81}.Debug|Any CPU.ActiveCfg = Debug|Any CPU
		{CF8DB889-C74C-45CF-B38F-FB59DA700A81}.Debug|Any CPU.Build.0 = Debug|Any CPU
		{CF8DB889-C74C-45CF-B38F-FB59DA700A81}.Release|Any CPU.ActiveCfg = Release|Any CPU
		{CF8DB889-C74C-45CF-B38F-FB59DA700A81}.Release|Any CPU.Build.0 = Release|Any CPU
		{8E9E32B3-6486-4B93-939E-8856BA1754DF}.Debug|Any CPU.ActiveCfg = Debug|Any CPU
		{8E9E32B3-6486-4B93-939E-8856BA1754DF}.Debug|Any CPU.Build.0 = Debug|Any CPU
		{8E9E32B3-6486-4B93-939E-8856BA1754DF}.Release|Any CPU.ActiveCfg = Release|Any CPU
		{8E9E32B3-6486-4B93-939E-8856BA1754DF}.Release|Any CPU.Build.0 = Release|Any CPU
	EndGlobalSection
	GlobalSection(SolutionProperties) = preSolution
		HideSolutionNode = FALSE
	EndGlobalSection
	GlobalSection(ExtensibilityGlobals) = postSolution
		SolutionGuid = {AE8A7F91-A39E-4E6F-AEBD-D0AA0A1DAE22}
	EndGlobalSection
EndGlobal
